
Microsoft Visual Studio Solution File, Format Version 12.00
# Visual Studio 15
VisualStudioVersion = 15.0.28307.421
MinimumVisualStudioVersion = 10.0.40219.1
Project("{FAE04EC0-301F-11D3-BF4B-00C04F79EFBC}") = "FblaCodePractice", "FblaCodePractice\FblaCodePractice.csproj", "{F222746B-F45D-44E3-9E2B-67BABDBE5945}"
EndProject
Global
	GlobalSection(SolutionConfigurationPlatforms) = preSolution
		Debug|Any CPU = Debug|Any CPU
		Release|Any CPU = Release|Any CPU
	EndGlobalSection
	GlobalSection(ProjectConfigurationPlatforms) = postSolution
		{F222746B-F45D-44E3-9E2B-67BABDBE5945}.Debug|Any CPU.ActiveCfg = Debug|Any CPU
		{F222746B-F45D-44E3-9E2B-67BABDBE5945}.Debug|Any CPU.Build.0 = Debug|Any CPU
		{F222746B-F45D-44E3-9E2B-67BABDBE5945}.Release|Any CPU.ActiveCfg = Release|Any CPU
		{F222746B-F45D-44E3-9E2B-67BABDBE5945}.Release|Any CPU.Build.0 = Release|Any CPU
	EndGlobalSection
	GlobalSection(SolutionProperties) = preSolution
		HideSolutionNode = FALSE
	EndGlobalSection
	GlobalSection(ExtensibilityGlobals) = postSolution
		SolutionGuid = {116D371C-14DB-4A13-AE76-7B47461D1DF9}
	EndGlobalSection
EndGlobal
